
Microsoft Visual Studio Solution File, Format Version 12.00
# Visual Studio 15
Project("{FAE04EC0-301F-11D3-BF4B-00C04F79EFBC}") = "UniHumanoid", "UniHumanoid.csproj", "{A46B2493-B270-48C7-7C83-AF6E1C9D3E04}"
EndProject
Project("{FAE04EC0-301F-11D3-BF4B-00C04F79EFBC}") = "SpringBoneJobs", "SpringBoneJobs.csproj", "{40280887-9442-9F93-BC60-1F68674D1CA4}"
EndProject
Project("{FAE04EC0-301F-11D3-BF4B-00C04F79EFBC}") = "UniGLTF.Editor", "UniGLTF.Editor.csproj", "{1278AFC2-AC3E-9D2E-BB79-0F9BCF982600}"
EndProject
Project("{FAE04EC0-301F-11D3-BF4B-00C04F79EFBC}") = "UniGLTF", "UniGLTF.csproj", "{B522812D-BECF-48BF-D557-75278D16EF7B}"
EndProject
Project("{FAE04EC0-301F-11D3-BF4B-00C04F79EFBC}") = "VRM", "VRM.csproj", "{6964E642-DBCB-A817-2DA1-FEAFF474B114}"
EndProject
Project("{FAE04EC0-301F-11D3-BF4B-00C04F79EFBC}") = "Assembly-CSharp-Editor", "Assembly-CSharp-Editor.csproj", "{77125E4E-D698-FA8A-4B98-E113EA4A6553}"
EndProject
Project("{FAE04EC0-301F-11D3-BF4B-00C04F79EFBC}") = "UniGLTF.Tests", "UniGLTF.Tests.csproj", "{B31C741C-832F-69EE-EDFE-127512D3BCBD}"
EndProject
Project("{FAE04EC0-301F-11D3-BF4B-00C04F79EFBC}") = "MToon", "MToon.csproj", "{AAE80E36-836A-1D35-134D-90211140BA54}"
EndProject
Project("{FAE04EC0-301F-11D3-BF4B-00C04F79EFBC}") = "UniVRM.Editor", "UniVRM.Editor.csproj", "{BF2C4B66-CD84-47C4-AE4A-8681A3316B37}"
EndProject
Project("{FAE04EC0-301F-11D3-BF4B-00C04F79EFBC}") = "VRM.Tests", "VRM.Tests.csproj", "{1F2B0F7F-2B19-A0E8-4ACD-5414E1CA434B}"
EndProject
Project("{FAE04EC0-301F-11D3-BF4B-00C04F79EFBC}") = "MToon.Editor", "MToon.Editor.csproj", "{A378E59C-C78F-8EB3-4878-991D967A2127}"
EndProject
Project("{FAE04EC0-301F-11D3-BF4B-00C04F79EFBC}") = "UniHumanoid.Editor", "UniHumanoid.Editor.csproj", "{675DF58E-8D40-F5E2-5FF5-8B4014E6C27D}"
EndProject
Project("{FAE04EC0-301F-11D3-BF4B-00C04F79EFBC}") = "VRM.Samples.Editor.Tests", "VRM.Samples.Editor.Tests.csproj", "{163D956F-1AF8-C71B-3998-CA351A966E11}"
EndProject
Project("{FAE04EC0-301F-11D3-BF4B-00C04F79EFBC}") = "UniGLTF.UniUnlit", "UniGLTF.UniUnlit.csproj", "{FA176FB6-6F31-B815-941B-CE3243368EB4}"
EndProject
Project("{FAE04EC0-301F-11D3-BF4B-00C04F79EFBC}") = "UniHumanoid.Editor.Tests", "UniHumanoid.Editor.Tests.csproj", "{DF8DF37E-9B5C-215B-8BE9-E40215FE1976}"
EndProject
Project("{FAE04EC0-301F-11D3-BF4B-00C04F79EFBC}") = "UniGLTF.UniUnlit.Editor", "UniGLTF.UniUnlit.Editor.csproj", "{BC4F3DA3-B0AB-E96E-06F7-C07912A639E8}"
EndProject
Project("{FAE04EC0-301F-11D3-BF4B-00C04F79EFBC}") = "Assembly-CSharp", "Assembly-CSharp.csproj", "{4AF36B53-2C6E-BBF5-7442-3553810E50DE}"
EndProject
Project("{FAE04EC0-301F-11D3-BF4B-00C04F79EFBC}") = "UniGLTF.Utils", "UniGLTF.Utils.csproj", "{B4F9DE03-AD90-7293-017B-C0A6A58A6F33}"
EndProject
Global
	GlobalSection(SolutionConfigurationPlatforms) = preSolution
		Debug|Any CPU = Debug|Any CPU
		Release|Any CPU = Release|Any CPU
	EndGlobalSection
	GlobalSection(ProjectConfigurationPlatforms) = postSolution
		{A46B2493-B270-48C7-7C83-AF6E1C9D3E04}.Debug|Any CPU.ActiveCfg = Debug|Any CPU
		{A46B2493-B270-48C7-7C83-AF6E1C9D3E04}.Debug|Any CPU.Build.0 = Debug|Any CPU
		{A46B2493-B270-48C7-7C83-AF6E1C9D3E04}.Release|Any CPU.ActiveCfg = Release|Any CPU
		{A46B2493-B270-48C7-7C83-AF6E1C9D3E04}.Release|Any CPU.Build.0 = Release|Any CPU
		{40280887-9442-9F93-BC60-1F68674D1CA4}.Debug|Any CPU.ActiveCfg = Debug|Any CPU
		{40280887-9442-9F93-BC60-1F68674D1CA4}.Debug|Any CPU.Build.0 = Debug|Any CPU
		{40280887-9442-9F93-BC60-1F68674D1CA4}.Release|Any CPU.ActiveCfg = Release|Any CPU
		{40280887-9442-9F93-BC60-1F68674D1CA4}.Release|Any CPU.Build.0 = Release|Any CPU
		{1278AFC2-AC3E-9D2E-BB79-0F9BCF982600}.Debug|Any CPU.ActiveCfg = Debug|Any CPU
		{1278AFC2-AC3E-9D2E-BB79-0F9BCF982600}.Debug|Any CPU.Build.0 = Debug|Any CPU
		{1278AFC2-AC3E-9D2E-BB79-0F9BCF982600}.Release|Any CPU.ActiveCfg = Release|Any CPU
		{1278AFC2-AC3E-9D2E-BB79-0F9BCF982600}.Release|Any CPU.Build.0 = Release|Any CPU
		{B522812D-BECF-48BF-D557-75278D16EF7B}.Debug|Any CPU.ActiveCfg = Debug|Any CPU
		{B522812D-BECF-48BF-D557-75278D16EF7B}.Debug|Any CPU.Build.0 = Debug|Any CPU
		{B522812D-BECF-48BF-D557-75278D16EF7B}.Release|Any CPU.ActiveCfg = Release|Any CPU
		{B522812D-BECF-48BF-D557-75278D16EF7B}.Release|Any CPU.Build.0 = Release|Any CPU
		{6964E642-DBCB-A817-2DA1-FEAFF474B114}.Debug|Any CPU.ActiveCfg = Debug|Any CPU
		{6964E642-DBCB-A817-2DA1-FEAFF474B114}.Debug|Any CPU.Build.0 = Debug|Any CPU
		{6964E642-DBCB-A817-2DA1-FEAFF474B114}.Release|Any CPU.ActiveCfg = Release|Any CPU
		{6964E642-DBCB-A817-2DA1-FEAFF474B114}.Release|Any CPU.Build.0 = Release|Any CPU
		{77125E4E-D698-FA8A-4B98-E113EA4A6553}.Debug|Any CPU.ActiveCfg = Debug|Any CPU
		{77125E4E-D698-FA8A-4B98-E113EA4A6553}.Debug|Any CPU.Build.0 = Debug|Any CPU
		{77125E4E-D698-FA8A-4B98-E113EA4A6553}.Release|Any CPU.ActiveCfg = Release|Any CPU
		{77125E4E-D698-FA8A-4B98-E113EA4A6553}.Release|Any CPU.Build.0 = Release|Any CPU
		{B31C741C-832F-69EE-EDFE-127512D3BCBD}.Debug|Any CPU.ActiveCfg = Debug|Any CPU
		{B31C741C-832F-69EE-EDFE-127512D3BCBD}.Debug|Any CPU.Build.0 = Debug|Any CPU
		{B31C741C-832F-69EE-EDFE-127512D3BCBD}.Release|Any CPU.ActiveCfg = Release|Any CPU
		{B31C741C-832F-69EE-EDFE-127512D3BCBD}.Release|Any CPU.Build.0 = Release|Any CPU
		{AAE80E36-836A-1D35-134D-90211140BA54}.Debug|Any CPU.ActiveCfg = Debug|Any CPU
		{AAE80E36-836A-1D35-134D-90211140BA54}.Debug|Any CPU.Build.0 = Debug|Any CPU
		{AAE80E36-836A-1D35-134D-90211140BA54}.Release|Any CPU.ActiveCfg = Release|Any CPU
		{AAE80E36-836A-1D35-134D-90211140BA54}.Release|Any CPU.Build.0 = Release|Any CPU
		{BF2C4B66-CD84-47C4-AE4A-8681A3316B37}.Debug|Any CPU.ActiveCfg = Debug|Any CPU
		{BF2C4B66-CD84-47C4-AE4A-8681A3316B37}.Debug|Any CPU.Build.0 = Debug|Any CPU
		{BF2C4B66-CD84-47C4-AE4A-8681A3316B37}.Release|Any CPU.ActiveCfg = Release|Any CPU
		{BF2C4B66-CD84-47C4-AE4A-8681A3316B37}.Release|Any CPU.Build.0 = Release|Any CPU
		{1F2B0F7F-2B19-A0E8-4ACD-5414E1CA434B}.Debug|Any CPU.ActiveCfg = Debug|Any CPU
		{1F2B0F7F-2B19-A0E8-4ACD-5414E1CA434B}.Debug|Any CPU.Build.0 = Debug|Any CPU
		{1F2B0F7F-2B19-A0E8-4ACD-5414E1CA434B}.Release|Any CPU.ActiveCfg = Release|Any CPU
		{1F2B0F7F-2B19-A0E8-4ACD-5414E1CA434B}.Release|Any CPU.Build.0 = Release|Any CPU
		{A378E59C-C78F-8EB3-4878-991D967A2127}.Debug|Any CPU.ActiveCfg = Debug|Any CPU
		{A378E59C-C78F-8EB3-4878-991D967A2127}.Debug|Any CPU.Build.0 = Debug|Any CPU
		{A378E59C-C78F-8EB3-4878-991D967A2127}.Release|Any CPU.ActiveCfg = Release|Any CPU
		{A378E59C-C78F-8EB3-4878-991D967A2127}.Release|Any CPU.Build.0 = Release|Any CPU
		{675DF58E-8D40-F5E2-5FF5-8B4014E6C27D}.Debug|Any CPU.ActiveCfg = Debug|Any CPU
		{675DF58E-8D40-F5E2-5FF5-8B4014E6C27D}.Debug|Any CPU.Build.0 = Debug|Any CPU
		{675DF58E-8D40-F5E2-5FF5-8B4014E6C27D}.Release|Any CPU.ActiveCfg = Release|Any CPU
		{675DF58E-8D40-F5E2-5FF5-8B4014E6C27D}.Release|Any CPU.Build.0 = Release|Any CPU
		{163D956F-1AF8-C71B-3998-CA351A966E11}.Debug|Any CPU.ActiveCfg = Debug|Any CPU
		{163D956F-1AF8-C71B-3998-CA351A966E11}.Debug|Any CPU.Build.0 = Debug|Any CPU
		{163D956F-1AF8-C71B-3998-CA351A966E11}.Release|Any CPU.ActiveCfg = Release|Any CPU
		{163D956F-1AF8-C71B-3998-CA351A966E11}.Release|Any CPU.Build.0 = Release|Any CPU
		{FA176FB6-6F31-B815-941B-CE3243368EB4}.Debug|Any CPU.ActiveCfg = Debug|Any CPU
		{FA176FB6-6F31-B815-941B-CE3243368EB4}.Debug|Any CPU.Build.0 = Debug|Any CPU
		{FA176FB6-6F31-B815-941B-CE3243368EB4}.Release|Any CPU.ActiveCfg = Release|Any CPU
		{FA176FB6-6F31-B815-941B-CE3243368EB4}.Release|Any CPU.Build.0 = Release|Any CPU
		{DF8DF37E-9B5C-215B-8BE9-E40215FE1976}.Debug|Any CPU.ActiveCfg = Debug|Any CPU
		{DF8DF37E-9B5C-215B-8BE9-E40215FE1976}.Debug|Any CPU.Build.0 = Debug|Any CPU
		{DF8DF37E-9B5C-215B-8BE9-E40215FE1976}.Release|Any CPU.ActiveCfg = Release|Any CPU
		{DF8DF37E-9B5C-215B-8BE9-E40215FE1976}.Release|Any CPU.Build.0 = Release|Any CPU
		{BC4F3DA3-B0AB-E96E-06F7-C07912A639E8}.Debug|Any CPU.ActiveCfg = Debug|Any CPU
		{BC4F3DA3-B0AB-E96E-06F7-C07912A639E8}.Debug|Any CPU.Build.0 = Debug|Any CPU
		{BC4F3DA3-B0AB-E96E-06F7-C07912A639E8}.Release|Any CPU.ActiveCfg = Release|Any CPU
		{BC4F3DA3-B0AB-E96E-06F7-C07912A639E8}.Release|Any CPU.Build.0 = Release|Any CPU
		{4AF36B53-2C6E-BBF5-7442-3553810E50DE}.Debug|Any CPU.ActiveCfg = Debug|Any CPU
		{4AF36B53-2C6E-BBF5-7442-3553810E50DE}.Debug|Any CPU.Build.0 = Debug|Any CPU
		{4AF36B53-2C6E-BBF5-7442-3553810E50DE}.Release|Any CPU.ActiveCfg = Release|Any CPU
		{4AF36B53-2C6E-BBF5-7442-3553810E50DE}.Release|Any CPU.Build.0 = Release|Any CPU
		{B4F9DE03-AD90-7293-017B-C0A6A58A6F33}.Debug|Any CPU.ActiveCfg = Debug|Any CPU
		{B4F9DE03-AD90-7293-017B-C0A6A58A6F33}.Debug|Any CPU.Build.0 = Debug|Any CPU
		{B4F9DE03-AD90-7293-017B-C0A6A58A6F33}.Release|Any CPU.ActiveCfg = Release|Any CPU
		{B4F9DE03-AD90-7293-017B-C0A6A58A6F33}.Release|Any CPU.Build.0 = Release|Any CPU
	EndGlobalSection
	GlobalSection(SolutionProperties) = preSolution
		HideSolutionNode = FALSE
	EndGlobalSection
EndGlobal
